// !$*UTF8*$!
{
	archiveVersion = 1;
	classes = {
	};
	objectVersion = 56;
	objects = {

/* Begin PBXBuildFile section */
		442C025F29FEA44A0085FE6F /* JarvisApp.swift in Sources */ = {isa = PBXBuildFile; fileRef = 442C025E29FEA44A0085FE6F /* JarvisApp.swift */; };
		442C026129FEA44A0085FE6F /* ContentView.swift in Sources */ = {isa = PBXBuildFile; fileRef = 442C026029FEA44A0085FE6F /* ContentView.swift */; };
		442C026329FEA44B0085FE6F /* Assets.xcassets in Resources */ = {isa = PBXBuildFile; fileRef = 442C026229FEA44B0085FE6F /* Assets.xcassets */; };
		442C026629FEA44B0085FE6F /* Preview Assets.xcassets in Resources */ = {isa = PBXBuildFile; fileRef = 442C026529FEA44B0085FE6F /* Preview Assets.xcassets */; };
		442C026829FEA44B0085FE6F /* Persistence.swift in Sources */ = {isa = PBXBuildFile; fileRef = 442C026729FEA44B0085FE6F /* Persistence.swift */; };
		442C026B29FEA44B0085FE6F /* Jarvis.xcdatamodeld in Sources */ = {isa = PBXBuildFile; fileRef = 442C026929FEA44B0085FE6F /* Jarvis.xcdatamodeld */; };
		442C027529FEA44B0085FE6F /* JarvisTests.swift in Sources */ = {isa = PBXBuildFile; fileRef = 442C027429FEA44B0085FE6F /* JarvisTests.swift */; };
		442C027F29FEA44B0085FE6F /* JarvisUITests.swift in Sources */ = {isa = PBXBuildFile; fileRef = 442C027E29FEA44B0085FE6F /* JarvisUITests.swift */; };
		442C028129FEA44B0085FE6F /* JarvisUITestsLaunchTests.swift in Sources */ = {isa = PBXBuildFile; fileRef = 442C028029FEA44B0085FE6F /* JarvisUITestsLaunchTests.swift */; };
/* End PBXBuildFile section */

/* Begin PBXContainerItemProxy section */
		442C027129FEA44B0085FE6F /* PBXContainerItemProxy */ = {
			isa = PBXContainerItemProxy;
			containerPortal = 442C025329FEA44A0085FE6F /* Project object */;
			proxyType = 1;
			remoteGlobalIDString = 442C025A29FEA44A0085FE6F;
			remoteInfo = Jarvis;
		};
		442C027B29FEA44B0085FE6F /* PBXContainerItemProxy */ = {
			isa = PBXContainerItemProxy;
			containerPortal = 442C025329FEA44A0085FE6F /* Project object */;
			proxyType = 1;
			remoteGlobalIDString = 442C025A29FEA44A0085FE6F;
			remoteInfo = Jarvis;
		};
/* End PBXContainerItemProxy section */

/* Begin PBXFileReference section */
		442C025B29FEA44A0085FE6F /* Jarvis.app */ = {isa = PBXFileReference; explicitFileType = wrapper.application; includeInIndex = 0; path = Jarvis.app; sourceTree = BUILT_PRODUCTS_DIR; };
		442C025E29FEA44A0085FE6F /* JarvisApp.swift */ = {isa = PBXFileReference; lastKnownFileType = sourcecode.swift; path = JarvisApp.swift; sourceTree = "<group>"; };
		442C026029FEA44A0085FE6F /* ContentView.swift */ = {isa = PBXFileReference; lastKnownFileType = sourcecode.swift; path = ContentView.swift; sourceTree = "<group>"; };
		442C026229FEA44B0085FE6F /* Assets.xcassets */ = {isa = PBXFileReference; lastKnownFileType = folder.assetcatalog; path = Assets.xcassets; sourceTree = "<group>"; };
		442C026529FEA44B0085FE6F /* Preview Assets.xcassets */ = {isa = PBXFileReference; lastKnownFileType = folder.assetcatalog; path = "Preview Assets.xcassets"; sourceTree = "<group>"; };
		442C026729FEA44B0085FE6F /* Persistence.swift */ = {isa = PBXFileReference; lastKnownFileType = sourcecode.swift; path = Persistence.swift; sourceTree = "<group>"; };
		442C026A29FEA44B0085FE6F /* Jarvis.xcdatamodel */ = {isa = PBXFileReference; lastKnownFileType = wrapper.xcdatamodel; path = Jarvis.xcdatamodel; sourceTree = "<group>"; };
		442C027029FEA44B0085FE6F /* JarvisTests.xctest */ = {isa = PBXFileReference; explicitFileType = wrapper.cfbundle; includeInIndex = 0; path = JarvisTests.xctest; sourceTree = BUILT_PRODUCTS_DIR; };
		442C027429FEA44B0085FE6F /* JarvisTests.swift */ = {isa = PBXFileReference; lastKnownFileType = sourcecode.swift; path = JarvisTests.swift; sourceTree = "<group>"; };
		442C027A29FEA44B0085FE6F /* JarvisUITests.xctest */ = {isa = PBXFileReference; explicitFileType = wrapper.cfbundle; includeInIndex = 0; path = JarvisUITests.xctest; sourceTree = BUILT_PRODUCTS_DIR; };
		442C027E29FEA44B0085FE6F /* JarvisUITests.swift */ = {isa = PBXFileReference; lastKnownFileType = sourcecode.swift; path = JarvisUITests.swift; sourceTree = "<group>"; };
		442C028029FEA44B0085FE6F /* JarvisUITestsLaunchTests.swift */ = {isa = PBXFileReference; lastKnownFileType = sourcecode.swift; path = JarvisUITestsLaunchTests.swift; sourceTree = "<group>"; };
/* End PBXFileReference section */

/* Begin PBXFrameworksBuildPhase section */
		442C025829FEA44A0085FE6F /* Frameworks */ = {
			isa = PBXFrameworksBuildPhase;
			buildActionMask = 2147483647;
			files = (
			);
			runOnlyForDeploymentPostprocessing = 0;
		};
		442C026D29FEA44B0085FE6F /* Frameworks */ = {
			isa = PBXFrameworksBuildPhase;
			buildActionMask = 2147483647;
			files = (
			);
			runOnlyForDeploymentPostprocessing = 0;
		};
		442C027729FEA44B0085FE6F /* Frameworks */ = {
			isa = PBXFrameworksBuildPhase;
			buildActionMask = 2147483647;
			files = (
			);
			runOnlyForDeploymentPostprocessing = 0;
		};
/* End PBXFrameworksBuildPhase section */

/* Begin PBXGroup section */
		442C025229FEA44A0085FE6F = {
			isa = PBXGroup;
			children = (
				442C025D29FEA44A0085FE6F /* Jarvis */,
				442C027329FEA44B0085FE6F /* JarvisTests */,
				442C027D29FEA44B0085FE6F /* JarvisUITests */,
				442C025C29FEA44A0085FE6F /* Products */,
			);
			sourceTree = "<group>";
		};
		442C025C29FEA44A0085FE6F /* Products */ = {
			isa = PBXGroup;
			children = (
				442C025B29FEA44A0085FE6F /* Jarvis.app */,
				442C027029FEA44B0085FE6F /* JarvisTests.xctest */,
				442C027A29FEA44B0085FE6F /* JarvisUITests.xctest */,
			);
			name = Products;
			sourceTree = "<group>";
		};
		442C025D29FEA44A0085FE6F /* Jarvis */ = {
			isa = PBXGroup;
			children = (
				442C025E29FEA44A0085FE6F /* JarvisApp.swift */,
				442C026029FEA44A0085FE6F /* ContentView.swift */,
				442C026229FEA44B0085FE6F /* Assets.xcassets */,
				442C026729FEA44B0085FE6F /* Persistence.swift */,
				442C026929FEA44B0085FE6F /* Jarvis.xcdatamodeld */,
				442C026429FEA44B0085FE6F /* Preview Content */,
			);
			path = Jarvis;
			sourceTree = "<group>";
		};
		442C026429FEA44B0085FE6F /* Preview Content */ = {
			isa = PBXGroup;
			children = (
				442C026529FEA44B0085FE6F /* Preview Assets.xcassets */,
			);
			path = "Preview Content";
			sourceTree = "<group>";
		};
		442C027329FEA44B0085FE6F /* JarvisTests */ = {
			isa = PBXGroup;
			children = (
				442C027429FEA44B0085FE6F /* JarvisTests.swift */,
			);
			path = JarvisTests;
			sourceTree = "<group>";
		};
		442C027D29FEA44B0085FE6F /* JarvisUITests */ = {
			isa = PBXGroup;
			children = (
				442C027E29FEA44B0085FE6F /* JarvisUITests.swift */,
				442C028029FEA44B0085FE6F /* JarvisUITestsLaunchTests.swift */,
			);
			path = JarvisUITests;
			sourceTree = "<group>";
		};
/* End PBXGroup section */

/* Begin PBXNativeTarget section */
		442C025A29FEA44A0085FE6F /* Jarvis */ = {
			isa = PBXNativeTarget;
			buildConfigurationList = 442C028429FEA44B0085FE6F /* Build configuration list for PBXNativeTarget "Jarvis" */;
			buildPhases = (
				442C025729FEA44A0085FE6F /* Sources */,
				442C025829FEA44A0085FE6F /* Frameworks */,
				442C025929FEA44A0085FE6F /* Resources */,
				443564E52A0A59AD009B51E4 /* ShellScript */,
			);
			buildRules = (
			);
			dependencies = (
			);
			name = Jarvis;
			productName = Jarvis;
			productReference = 442C025B29FEA44A0085FE6F /* Jarvis.app */;
			productType = "com.apple.product-type.application";
		};
		442C026F29FEA44B0085FE6F /* JarvisTests */ = {
			isa = PBXNativeTarget;
			buildConfigurationList = 442C028729FEA44B0085FE6F /* Build configuration list for PBXNativeTarget "JarvisTests" */;
			buildPhases = (
				442C026C29FEA44B0085FE6F /* Sources */,
				442C026D29FEA44B0085FE6F /* Frameworks */,
				442C026E29FEA44B0085FE6F /* Resources */,
			);
			buildRules = (
			);
			dependencies = (
				442C027229FEA44B0085FE6F /* PBXTargetDependency */,
			);
			name = JarvisTests;
			productName = JarvisTests;
			productReference = 442C027029FEA44B0085FE6F /* JarvisTests.xctest */;
			productType = "com.apple.product-type.bundle.unit-test";
		};
		442C027929FEA44B0085FE6F /* JarvisUITests */ = {
			isa = PBXNativeTarget;
			buildConfigurationList = 442C028A29FEA44B0085FE6F /* Build configuration list for PBXNativeTarget "JarvisUITests" */;
			buildPhases = (
				442C027629FEA44B0085FE6F /* Sources */,
				442C027729FEA44B0085FE6F /* Frameworks */,
				442C027829FEA44B0085FE6F /* Resources */,
			);
			buildRules = (
			);
			dependencies = (
				442C027C29FEA44B0085FE6F /* PBXTargetDependency */,
			);
			name = JarvisUITests;
			productName = JarvisUITests;
			productReference = 442C027A29FEA44B0085FE6F /* JarvisUITests.xctest */;
			productType = "com.apple.product-type.bundle.ui-testing";
		};
/* End PBXNativeTarget section */

/* Begin PBXProject section */
		442C025329FEA44A0085FE6F /* Project object */ = {
			isa = PBXProject;
			attributes = {
				BuildIndependentTargetsInParallel = 1;
				LastSwiftUpdateCheck = 1430;
				LastUpgradeCheck = 1430;
				TargetAttributes = {
					442C025A29FEA44A0085FE6F = {
						CreatedOnToolsVersion = 14.3;
					};
					442C026F29FEA44B0085FE6F = {
						CreatedOnToolsVersion = 14.3;
						TestTargetID = 442C025A29FEA44A0085FE6F;
					};
					442C027929FEA44B0085FE6F = {
						CreatedOnToolsVersion = 14.3;
						TestTargetID = 442C025A29FEA44A0085FE6F;
					};
				};
			};
			buildConfigurationList = 442C025629FEA44A0085FE6F /* Build configuration list for PBXProject "Jarvis" */;
			compatibilityVersion = "Xcode 14.0";
			developmentRegion = en;
			hasScannedForEncodings = 0;
			knownRegions = (
				en,
				Base,
			);
			mainGroup = 442C025229FEA44A0085FE6F;
			productRefGroup = 442C025C29FEA44A0085FE6F /* Products */;
			projectDirPath = "";
			projectRoot = "";
			targets = (
				442C025A29FEA44A0085FE6F /* Jarvis */,
				442C026F29FEA44B0085FE6F /* JarvisTests */,
				442C027929FEA44B0085FE6F /* JarvisUITests */,
			);
		};
/* End PBXProject section */

/* Begin PBXResourcesBuildPhase section */
		442C025929FEA44A0085FE6F /* Resources */ = {
			isa = PBXResourcesBuildPhase;
			buildActionMask = 2147483647;
			files = (
				442C026629FEA44B0085FE6F /* Preview Assets.xcassets in Resources */,
				442C026329FEA44B0085FE6F /* Assets.xcassets in Resources */,
			);
			runOnlyForDeploymentPostprocessing = 0;
		};
		442C026E29FEA44B0085FE6F /* Resources */ = {
			isa = PBXResourcesBuildPhase;
			buildActionMask = 2147483647;
			files = (
			);
			runOnlyForDeploymentPostprocessing = 0;
		};
		442C027829FEA44B0085FE6F /* Resources */ = {
			isa = PBXResourcesBuildPhase;
			buildActionMask = 2147483647;
			files = (
			);
			runOnlyForDeploymentPostprocessing = 0;
		};
/* End PBXResourcesBuildPhase section */

/* Begin PBXShellScriptBuildPhase section */
		443564E52A0A59AD009B51E4 /* ShellScript */ = {
			isa = PBXShellScriptBuildPhase;
			alwaysOutOfDate = 1;
			buildActionMask = 2147483647;
			files = (
			);
			inputFileListPaths = (
			);
			inputPaths = (
			);
			outputFileListPaths = (
			);
			outputPaths = (
			);
			runOnlyForDeploymentPostprocessing = 0;
			shellPath = /bin/sh;
			shellScript = "if [[ \"$(uname -m)\" == arm64 ]]; then\n    export PATH=\"/opt/homebrew/bin:$PATH\"\nfi\n\nif which swiftlint > /dev/null; then\n  swiftlint\nelse\n  echo \"warning: SwiftLint not installed, download from https://github.com/realm/SwiftLint\"\nfi\n";
		};
/* End PBXShellScriptBuildPhase section */

/* Begin PBXSourcesBuildPhase section */
		442C025729FEA44A0085FE6F /* Sources */ = {
			isa = PBXSourcesBuildPhase;
			buildActionMask = 2147483647;
			files = (
				442C026829FEA44B0085FE6F /* Persistence.swift in Sources */,
				442C026129FEA44A0085FE6F /* ContentView.swift in Sources */,
				442C026B29FEA44B0085FE6F /* Jarvis.xcdatamodeld in Sources */,
				442C025F29FEA44A0085FE6F /* JarvisApp.swift in Sources */,
			);
			runOnlyForDeploymentPostprocessing = 0;
		};
		442C026C29FEA44B0085FE6F /* Sources */ = {
			isa = PBXSourcesBuildPhase;
			buildActionMask = 2147483647;
			files = (
				442C027529FEA44B0085FE6F /* JarvisTests.swift in Sources */,
			);
			runOnlyForDeploymentPostprocessing = 0;
		};
		442C027629FEA44B0085FE6F /* Sources */ = {
			isa = PBXSourcesBuildPhase;
			buildActionMask = 2147483647;
			files = (
				442C027F29FEA44B0085FE6F /* JarvisUITests.swift in Sources */,
				442C028129FEA44B0085FE6F /* JarvisUITestsLaunchTests.swift in Sources */,
			);
			runOnlyForDeploymentPostprocessing = 0;
		};
/* End PBXSourcesBuildPhase section */

/* Begin PBXTargetDependency section */
		442C027229FEA44B0085FE6F /* PBXTargetDependency */ = {
			isa = PBXTargetDependency;
			target = 442C025A29FEA44A0085FE6F /* Jarvis */;
			targetProxy = 442C027129FEA44B0085FE6F /* PBXContainerItemProxy */;
		};
		442C027C29FEA44B0085FE6F /* PBXTargetDependency */ = {
			isa = PBXTargetDependency;
			target = 442C025A29FEA44A0085FE6F /* Jarvis */;
			targetProxy = 442C027B29FEA44B0085FE6F /* PBXContainerItemProxy */;
		};
/* End PBXTargetDependency section */

/* Begin XCBuildConfiguration section */
		442C028229FEA44B0085FE6F /* Debug */ = {
			isa = XCBuildConfiguration;
			buildSettings = {
				ALWAYS_SEARCH_USER_PATHS = NO;
				CLANG_ANALYZER_NONNULL = YES;
				CLANG_ANALYZER_NUMBER_OBJECT_CONVERSION = YES_AGGRESSIVE;
				CLANG_CXX_LANGUAGE_STANDARD = "gnu++20";
				CLANG_ENABLE_MODULES = YES;
				CLANG_ENABLE_OBJC_ARC = YES;
				CLANG_ENABLE_OBJC_WEAK = YES;
				CLANG_WARN_BLOCK_CAPTURE_AUTORELEASING = YES;
				CLANG_WARN_BOOL_CONVERSION = YES;
				CLANG_WARN_COMMA = YES;
				CLANG_WARN_CONSTANT_CONVERSION = YES;
				CLANG_WARN_DEPRECATED_OBJC_IMPLEMENTATIONS = YES;
				CLANG_WARN_DIRECT_OBJC_ISA_USAGE = YES_ERROR;
				CLANG_WARN_DOCUMENTATION_COMMENTS = YES;
				CLANG_WARN_EMPTY_BODY = YES;
				CLANG_WARN_ENUM_CONVERSION = YES;
				CLANG_WARN_INFINITE_RECURSION = YES;
				CLANG_WARN_INT_CONVERSION = YES;
				CLANG_WARN_NON_LITERAL_NULL_CONVERSION = YES;
				CLANG_WARN_OBJC_IMPLICIT_RETAIN_SELF = YES;
				CLANG_WARN_OBJC_LITERAL_CONVERSION = YES;
				CLANG_WARN_OBJC_ROOT_CLASS = YES_ERROR;
				CLANG_WARN_QUOTED_INCLUDE_IN_FRAMEWORK_HEADER = YES;
				CLANG_WARN_RANGE_LOOP_ANALYSIS = YES;
				CLANG_WARN_STRICT_PROTOTYPES = YES;
				CLANG_WARN_SUSPICIOUS_MOVE = YES;
				CLANG_WARN_UNGUARDED_AVAILABILITY = YES_AGGRESSIVE;
				CLANG_WARN_UNREACHABLE_CODE = YES;
				CLANG_WARN__DUPLICATE_METHOD_MATCH = YES;
				COPY_PHASE_STRIP = NO;
				DEBUG_INFORMATION_FORMAT = dwarf;
				ENABLE_STRICT_OBJC_MSGSEND = YES;
				ENABLE_TESTABILITY = YES;
				GCC_C_LANGUAGE_STANDARD = gnu11;
				GCC_DYNAMIC_NO_PIC = NO;
				GCC_NO_COMMON_BLOCKS = YES;
				GCC_OPTIMIZATION_LEVEL = 0;
				GCC_PREPROCESSOR_DEFINITIONS = (
					"DEBUG=1",
					"$(inherited)",
				);
				GCC_WARN_64_TO_32_BIT_CONVERSION = YES;
				GCC_WARN_ABOUT_RETURN_TYPE = YES_ERROR;
				GCC_WARN_UNDECLARED_SELECTOR = YES;
				GCC_WARN_UNINITIALIZED_AUTOS = YES_AGGRESSIVE;
				GCC_WARN_UNUSED_FUNCTION = YES;
				GCC_WARN_UNUSED_VARIABLE = YES;
				IPHONEOS_DEPLOYMENT_TARGET = 16.4;
				MTL_ENABLE_DEBUG_INFO = INCLUDE_SOURCE;
				MTL_FAST_MATH = YES;
				ONLY_ACTIVE_ARCH = YES;
				SDKROOT = iphoneos;
				SWIFT_ACTIVE_COMPILATION_CONDITIONS = DEBUG;
				SWIFT_OPTIMIZATION_LEVEL = "-Onone";
			};
			name = Debug;
		};
		442C028329FEA44B0085FE6F /* Release */ = {
			isa = XCBuildConfiguration;
			buildSettings = {
				ALWAYS_SEARCH_USER_PATHS = NO;
				CLANG_ANALYZER_NONNULL = YES;
				CLANG_ANALYZER_NUMBER_OBJECT_CONVERSION = YES_AGGRESSIVE;
				CLANG_CXX_LANGUAGE_STANDARD = "gnu++20";
				CLANG_ENABLE_MODULES = YES;
				CLANG_ENABLE_OBJC_ARC = YES;
				CLANG_ENABLE_OBJC_WEAK = YES;
				CLANG_WARN_BLOCK_CAPTURE_AUTORELEASING = YES;
				CLANG_WARN_BOOL_CONVERSION = YES;
				CLANG_WARN_COMMA = YES;
				CLANG_WARN_CONSTANT_CONVERSION = YES;
				CLANG_WARN_DEPRECATED_OBJC_IMPLEMENTATIONS = YES;
				CLANG_WARN_DIRECT_OBJC_ISA_USAGE = YES_ERROR;
				CLANG_WARN_DOCUMENTATION_COMMENTS = YES;
				CLANG_WARN_EMPTY_BODY = YES;
				CLANG_WARN_ENUM_CONVERSION = YES;
				CLANG_WARN_INFINITE_RECURSION = YES;
				CLANG_WARN_INT_CONVERSION = YES;
				CLANG_WARN_NON_LITERAL_NULL_CONVERSION = YES;
				CLANG_WARN_OBJC_IMPLICIT_RETAIN_SELF = YES;
				CLANG_WARN_OBJC_LITERAL_CONVERSION = YES;
				CLANG_WARN_OBJC_ROOT_CLASS = YES_ERROR;
				CLANG_WARN_QUOTED_INCLUDE_IN_FRAMEWORK_HEADER = YES;
				CLANG_WARN_RANGE_LOOP_ANALYSIS = YES;
				CLANG_WARN_STRICT_PROTOTYPES = YES;
				CLANG_WARN_SUSPICIOUS_MOVE = YES;
				CLANG_WARN_UNGUARDED_AVAILABILITY = YES_AGGRESSIVE;
				CLANG_WARN_UNREACHABLE_CODE = YES;
				CLANG_WARN__DUPLICATE_METHOD_MATCH = YES;
				COPY_PHASE_STRIP = NO;
				DEBUG_INFORMATION_FORMAT = "dwarf-with-dsym";
				ENABLE_NS_ASSERTIONS = NO;
				ENABLE_STRICT_OBJC_MSGSEND = YES;
				GCC_C_LANGUAGE_STANDARD = gnu11;
				GCC_NO_COMMON_BLOCKS = YES;
				GCC_WARN_64_TO_32_BIT_CONVERSION = YES;
				GCC_WARN_ABOUT_RETURN_TYPE = YES_ERROR;
				GCC_WARN_UNDECLARED_SELECTOR = YES;
				GCC_WARN_UNINITIALIZED_AUTOS = YES_AGGRESSIVE;
				GCC_WARN_UNUSED_FUNCTION = YES;
				GCC_WARN_UNUSED_VARIABLE = YES;
				IPHONEOS_DEPLOYMENT_TARGET = 16.4;
				MTL_ENABLE_DEBUG_INFO = NO;
				MTL_FAST_MATH = YES;
				SDKROOT = iphoneos;
				SWIFT_COMPILATION_MODE = wholemodule;
				SWIFT_OPTIMIZATION_LEVEL = "-O";
				VALIDATE_PRODUCT = YES;
			};
			name = Release;
		};
		442C028529FEA44B0085FE6F /* Debug */ = {
			isa = XCBuildConfiguration;
			buildSettings = {
				ASSETCATALOG_COMPILER_APPICON_NAME = AppIcon;
				ASSETCATALOG_COMPILER_GLOBAL_ACCENT_COLOR_NAME = AccentColor;
				CODE_SIGN_STYLE = Automatic;
				CURRENT_PROJECT_VERSION = 1;
				DEVELOPMENT_ASSET_PATHS = "\"Jarvis/Preview Content\"";
				DEVELOPMENT_TEAM = 7SN8S32BBW;
				ENABLE_PREVIEWS = YES;
				GENERATE_INFOPLIST_FILE = YES;
				INFOPLIST_KEY_UIApplicationSceneManifest_Generation = YES;
				INFOPLIST_KEY_UIApplicationSupportsIndirectInputEvents = YES;
				INFOPLIST_KEY_UILaunchScreen_Generation = YES;
				INFOPLIST_KEY_UISupportedInterfaceOrientations_iPad = "UIInterfaceOrientationPortrait UIInterfaceOrientationPortraitUpsideDown UIInterfaceOrientationLandscapeLeft UIInterfaceOrientationLandscapeRight";
				INFOPLIST_KEY_UISupportedInterfaceOrientations_iPhone = "UIInterfaceOrientationPortrait UIInterfaceOrientationLandscapeLeft UIInterfaceOrientationLandscapeRight";
				LD_RUNPATH_SEARCH_PATHS = (
					"$(inherited)",
					"@executable_path/Frameworks",
				);
				MARKETING_VERSION = 1.0;
				PRODUCT_BUNDLE_IDENTIFIER = io.fernandozhu.Jarvis.Jarvis;
				PRODUCT_NAME = "$(TARGET_NAME)";
				SWIFT_EMIT_LOC_STRINGS = YES;
				SWIFT_VERSION = 5.0;
				TARGETED_DEVICE_FAMILY = "1,2";
			};
			name = Debug;
		};
		442C028629FEA44B0085FE6F /* Release */ = {
			isa = XCBuildConfiguration;
			buildSettings = {
				ASSETCATALOG_COMPILER_APPICON_NAME = AppIcon;
				ASSETCATALOG_COMPILER_GLOBAL_ACCENT_COLOR_NAME = AccentColor;
				CODE_SIGN_STYLE = Automatic;
				CURRENT_PROJECT_VERSION = 1;
				DEVELOPMENT_ASSET_PATHS = "\"Jarvis/Preview Content\"";
				DEVELOPMENT_TEAM = 7SN8S32BBW;
				ENABLE_PREVIEWS = YES;
				GENERATE_INFOPLIST_FILE = YES;
				INFOPLIST_KEY_UIApplicationSceneManifest_Generation = YES;
				INFOPLIST_KEY_UIApplicationSupportsIndirectInputEvents = YES;
				INFOPLIST_KEY_UILaunchScreen_Generation = YES;
				INFOPLIST_KEY_UISupportedInterfaceOrientations_iPad = "UIInterfaceOrientationPortrait UIInterfaceOrientationPortraitUpsideDown UIInterfaceOrientationLandscapeLeft UIInterfaceOrientationLandscapeRight";
				INFOPLIST_KEY_UISupportedInterfaceOrientations_iPhone = "UIInterfaceOrientationPortrait UIInterfaceOrientationLandscapeLeft UIInterfaceOrientationLandscapeRight";
				LD_RUNPATH_SEARCH_PATHS = (
					"$(inherited)",
					"@executable_path/Frameworks",
				);
				MARKETING_VERSION = 1.0;
				PRODUCT_BUNDLE_IDENTIFIER = io.fernandozhu.Jarvis.Jarvis;
				PRODUCT_NAME = "$(TARGET_NAME)";
				SWIFT_EMIT_LOC_STRINGS = YES;
				SWIFT_VERSION = 5.0;
				TARGETED_DEVICE_FAMILY = "1,2";
			};
			name = Release;
		};
		442C028829FEA44B0085FE6F /* Debug */ = {
			isa = XCBuildConfiguration;
			buildSettings = {
				ALWAYS_EMBED_SWIFT_STANDARD_LIBRARIES = YES;
				BUNDLE_LOADER = "$(TEST_HOST)";
				CODE_SIGN_STYLE = Automatic;
				CURRENT_PROJECT_VERSION = 1;
				DEVELOPMENT_TEAM = 7SN8S32BBW;
				GENERATE_INFOPLIST_FILE = YES;
				IPHONEOS_DEPLOYMENT_TARGET = 16.4;
				MARKETING_VERSION = 1.0;
				PRODUCT_BUNDLE_IDENTIFIER = io.fernandozhu.Jarvis.JarvisTests;
				PRODUCT_NAME = "$(TARGET_NAME)";
				SWIFT_EMIT_LOC_STRINGS = NO;
				SWIFT_VERSION = 5.0;
				TARGETED_DEVICE_FAMILY = "1,2";
				TEST_HOST = "$(BUILT_PRODUCTS_DIR)/Jarvis.app/$(BUNDLE_EXECUTABLE_FOLDER_PATH)/Jarvis";
			};
			name = Debug;
		};
		442C028929FEA44B0085FE6F /* Release */ = {
			isa = XCBuildConfiguration;
			buildSettings = {
				ALWAYS_EMBED_SWIFT_STANDARD_LIBRARIES = YES;
				BUNDLE_LOADER = "$(TEST_HOST)";
				CODE_SIGN_STYLE = Automatic;
				CURRENT_PROJECT_VERSION = 1;
				DEVELOPMENT_TEAM = 7SN8S32BBW;
				GENERATE_INFOPLIST_FILE = YES;
				IPHONEOS_DEPLOYMENT_TARGET = 16.4;
				MARKETING_VERSION = 1.0;
				PRODUCT_BUNDLE_IDENTIFIER = io.fernandozhu.Jarvis.JarvisTests;
				PRODUCT_NAME = "$(TARGET_NAME)";
				SWIFT_EMIT_LOC_STRINGS = NO;
				SWIFT_VERSION = 5.0;
				TARGETED_DEVICE_FAMILY = "1,2";
				TEST_HOST = "$(BUILT_PRODUCTS_DIR)/Jarvis.app/$(BUNDLE_EXECUTABLE_FOLDER_PATH)/Jarvis";
			};
			name = Release;
		};
		442C028B29FEA44B0085FE6F /* Debug */ = {
			isa = XCBuildConfiguration;
			buildSettings = {
				ALWAYS_EMBED_SWIFT_STANDARD_LIBRARIES = YES;
				CODE_SIGN_STYLE = Automatic;
				CURRENT_PROJECT_VERSION = 1;
				DEVELOPMENT_TEAM = 7SN8S32BBW;
				GENERATE_INFOPLIST_FILE = YES;
				MARKETING_VERSION = 1.0;
				PRODUCT_BUNDLE_IDENTIFIER = io.fernandozhu.Jarvis.JarvisUITests;
				PRODUCT_NAME = "$(TARGET_NAME)";
				SWIFT_EMIT_LOC_STRINGS = NO;
				SWIFT_VERSION = 5.0;
				TARGETED_DEVICE_FAMILY = "1,2";
				TEST_TARGET_NAME = Jarvis;
			};
			name = Debug;
		};
		442C028C29FEA44B0085FE6F /* Release */ = {
			isa = XCBuildConfiguration;
			buildSettings = {
				ALWAYS_EMBED_SWIFT_STANDARD_LIBRARIES = YES;
				CODE_SIGN_STYLE = Automatic;
				CURRENT_PROJECT_VERSION = 1;
				DEVELOPMENT_TEAM = 7SN8S32BBW;
				GENERATE_INFOPLIST_FILE = YES;
				MARKETING_VERSION = 1.0;
				PRODUCT_BUNDLE_IDENTIFIER = io.fernandozhu.Jarvis.JarvisUITests;
				PRODUCT_NAME = "$(TARGET_NAME)";
				SWIFT_EMIT_LOC_STRINGS = NO;
				SWIFT_VERSION = 5.0;
				TARGETED_DEVICE_FAMILY = "1,2";
				TEST_TARGET_NAME = Jarvis;
			};
			name = Release;
		};
/* End XCBuildConfiguration section */

/* Begin XCConfigurationList section */
		442C025629FEA44A0085FE6F /* Build configuration list for PBXProject "Jarvis" */ = {
			isa = XCConfigurationList;
			buildConfigurations = (
				442C028229FEA44B0085FE6F /* Debug */,
				442C028329FEA44B0085FE6F /* Release */,
			);
			defaultConfigurationIsVisible = 0;
			defaultConfigurationName = Release;
		};
		442C028429FEA44B0085FE6F /* Build configuration list for PBXNativeTarget "Jarvis" */ = {
			isa = XCConfigurationList;
			buildConfigurations = (
				442C028529FEA44B0085FE6F /* Debug */,
				442C028629FEA44B0085FE6F /* Release */,
			);
			defaultConfigurationIsVisible = 0;
			defaultConfigurationName = Release;
		};
		442C028729FEA44B0085FE6F /* Build configuration list for PBXNativeTarget "JarvisTests" */ = {
			isa = XCConfigurationList;
			buildConfigurations = (
				442C028829FEA44B0085FE6F /* Debug */,
				442C028929FEA44B0085FE6F /* Release */,
			);
			defaultConfigurationIsVisible = 0;
			defaultConfigurationName = Release;
		};
		442C028A29FEA44B0085FE6F /* Build configuration list for PBXNativeTarget "JarvisUITests" */ = {
			isa = XCConfigurationList;
			buildConfigurations = (
				442C028B29FEA44B0085FE6F /* Debug */,
				442C028C29FEA44B0085FE6F /* Release */,
			);
			defaultConfigurationIsVisible = 0;
			defaultConfigurationName = Release;
		};
/* End XCConfigurationList section */

/* Begin XCVersionGroup section */
		442C026929FEA44B0085FE6F /* Jarvis.xcdatamodeld */ = {
			isa = XCVersionGroup;
			children = (
				442C026A29FEA44B0085FE6F /* Jarvis.xcdatamodel */,
			);
			currentVersion = 442C026A29FEA44B0085FE6F /* Jarvis.xcdatamodel */;
			path = Jarvis.xcdatamodeld;
			sourceTree = "<group>";
			versionGroupType = wrapper.xcdatamodel;
		};
/* End XCVersionGroup section */
	};
	rootObject = 442C025329FEA44A0085FE6F /* Project object */;
}
